
Microsoft Visual Studio Solution File, Format Version 12.00
# Visual Studio Version 17
VisualStudioVersion = 17.11.35303.130
MinimumVisualStudioVersion = 10.0.40219.1
Project("{FAE04EC0-301F-11D3-BF4B-00C04F79EFBC}") = "Functions", "Functions\Functions.csproj", "{729EF95A-E0B2-4084-ADBE-E342A611442B}"
EndProject
Global
	GlobalSection(SolutionConfigurationPlatforms) = preSolution
		Debug|Any CPU = Debug|Any CPU
		Release|Any CPU = Release|Any CPU
	EndGlobalSection
	GlobalSection(ProjectConfigurationPlatforms) = postSolution
		{729EF95A-E0B2-4084-ADBE-E342A611442B}.Debug|Any CPU.ActiveCfg = Debug|Any CPU
		{729EF95A-E0B2-4084-ADBE-E342A611442B}.Debug|Any CPU.Build.0 = Debug|Any CPU
		{729EF95A-E0B2-4084-ADBE-E342A611442B}.Release|Any CPU.ActiveCfg = Release|Any CPU
		{729EF95A-E0B2-4084-ADBE-E342A611442B}.Release|Any CPU.Build.0 = Release|Any CPU
	EndGlobalSection
	GlobalSection(SolutionProperties) = preSolution
		HideSolutionNode = FALSE
	EndGlobalSection
	GlobalSection(ExtensibilityGlobals) = postSolution
		SolutionGuid = {A8E43AC9-7A4E-4793-95CE-D640236F2C9C}
	EndGlobalSection
EndGlobal
